
Microsoft Visual Studio Solution File, Format Version 12.00
# Visual Studio Version 16
VisualStudioVersion = 16.0.29424.173
MinimumVisualStudioVersion = 10.0.40219.1
Project("{FAE04EC0-301F-11D3-BF4B-00C04F79EFBC}") = "bmdb-console", "bmdb-console-1\bmdb-console.csproj", "{AD18CC02-D597-4C84-A795-3FC0CBA6179A}"
EndProject
Global
	GlobalSection(SolutionConfigurationPlatforms) = preSolution
		Debug|Any CPU = Debug|Any CPU
		Release|Any CPU = Release|Any CPU
	EndGlobalSection
	GlobalSection(ProjectConfigurationPlatforms) = postSolution
		{AD18CC02-D597-4C84-A795-3FC0CBA6179A}.Debug|Any CPU.ActiveCfg = Debug|Any CPU
		{AD18CC02-D597-4C84-A795-3FC0CBA6179A}.Debug|Any CPU.Build.0 = Debug|Any CPU
		{AD18CC02-D597-4C84-A795-3FC0CBA6179A}.Release|Any CPU.ActiveCfg = Release|Any CPU
		{AD18CC02-D597-4C84-A795-3FC0CBA6179A}.Release|Any CPU.Build.0 = Release|Any CPU
	EndGlobalSection
	GlobalSection(SolutionProperties) = preSolution
		HideSolutionNode = FALSE
	EndGlobalSection
	GlobalSection(ExtensibilityGlobals) = postSolution
		SolutionGuid = {BF7AFC9C-B18B-48E0-B940-4FF098613F75}
	EndGlobalSection
EndGlobal
